
Microsoft Visual Studio Solution File, Format Version 12.00
# Visual Studio 15
VisualStudioVersion = 15.0.28307.489
MinimumVisualStudioVersion = 10.0.40219.1
Project("{FAE04EC0-301F-11D3-BF4B-00C04F79EFBC}") = "Ej_01", "Ej_01\Ej_01.csproj", "{E53118D5-3901-40BC-B7BF-5C7D5F88137B}"
EndProject
Global
	GlobalSection(SolutionConfigurationPlatforms) = preSolution
		Debug|Any CPU = Debug|Any CPU
		Release|Any CPU = Release|Any CPU
	EndGlobalSection
	GlobalSection(ProjectConfigurationPlatforms) = postSolution
		{E53118D5-3901-40BC-B7BF-5C7D5F88137B}.Debug|Any CPU.ActiveCfg = Debug|Any CPU
		{E53118D5-3901-40BC-B7BF-5C7D5F88137B}.Debug|Any CPU.Build.0 = Debug|Any CPU
		{E53118D5-3901-40BC-B7BF-5C7D5F88137B}.Release|Any CPU.ActiveCfg = Release|Any CPU
		{E53118D5-3901-40BC-B7BF-5C7D5F88137B}.Release|Any CPU.Build.0 = Release|Any CPU
	EndGlobalSection
	GlobalSection(SolutionProperties) = preSolution
		HideSolutionNode = FALSE
	EndGlobalSection
	GlobalSection(ExtensibilityGlobals) = postSolution
		SolutionGuid = {371F84EE-D5FA-4434-AE81-BB6E87CBFB2A}
	EndGlobalSection
EndGlobal
