
Microsoft Visual Studio Solution File, Format Version 12.00
# Visual Studio 15
VisualStudioVersion = 15.0.28307.489
MinimumVisualStudioVersion = 10.0.40219.1
Project("{FAE04EC0-301F-11D3-BF4B-00C04F79EFBC}") = "Ej_02 Cuadrado-Cubo", "Ej_02 Cuadrado-Cubo\Ej_02 Cuadrado-Cubo.csproj", "{125E069A-B9B1-4274-BE5E-E2CA0D1C26BC}"
EndProject
Global
	GlobalSection(SolutionConfigurationPlatforms) = preSolution
		Debug|Any CPU = Debug|Any CPU
		Release|Any CPU = Release|Any CPU
	EndGlobalSection
	GlobalSection(ProjectConfigurationPlatforms) = postSolution
		{125E069A-B9B1-4274-BE5E-E2CA0D1C26BC}.Debug|Any CPU.ActiveCfg = Debug|Any CPU
		{125E069A-B9B1-4274-BE5E-E2CA0D1C26BC}.Debug|Any CPU.Build.0 = Debug|Any CPU
		{125E069A-B9B1-4274-BE5E-E2CA0D1C26BC}.Release|Any CPU.ActiveCfg = Release|Any CPU
		{125E069A-B9B1-4274-BE5E-E2CA0D1C26BC}.Release|Any CPU.Build.0 = Release|Any CPU
	EndGlobalSection
	GlobalSection(SolutionProperties) = preSolution
		HideSolutionNode = FALSE
	EndGlobalSection
	GlobalSection(ExtensibilityGlobals) = postSolution
		SolutionGuid = {B5F343CB-6BB5-40ED-A131-C05D40E8ACFC}
	EndGlobalSection
EndGlobal
