
Microsoft Visual Studio Solution File, Format Version 12.00
# Visual Studio 15
VisualStudioVersion = 15.0.28307.489
MinimumVisualStudioVersion = 10.0.40219.1
Project("{FAE04EC0-301F-11D3-BF4B-00C04F79EFBC}") = "Ej_08 Sueldo Bruto-Neto", "Ej_08 Sueldo Bruto-Neto\Ej_08 Sueldo Bruto-Neto.csproj", "{D8E95401-DCB4-4455-8BAD-D8B5A4539CDF}"
EndProject
Global
	GlobalSection(SolutionConfigurationPlatforms) = preSolution
		Debug|Any CPU = Debug|Any CPU
		Release|Any CPU = Release|Any CPU
	EndGlobalSection
	GlobalSection(ProjectConfigurationPlatforms) = postSolution
		{D8E95401-DCB4-4455-8BAD-D8B5A4539CDF}.Debug|Any CPU.ActiveCfg = Debug|Any CPU
		{D8E95401-DCB4-4455-8BAD-D8B5A4539CDF}.Debug|Any CPU.Build.0 = Debug|Any CPU
		{D8E95401-DCB4-4455-8BAD-D8B5A4539CDF}.Release|Any CPU.ActiveCfg = Release|Any CPU
		{D8E95401-DCB4-4455-8BAD-D8B5A4539CDF}.Release|Any CPU.Build.0 = Release|Any CPU
	EndGlobalSection
	GlobalSection(SolutionProperties) = preSolution
		HideSolutionNode = FALSE
	EndGlobalSection
	GlobalSection(ExtensibilityGlobals) = postSolution
		SolutionGuid = {7DCCED0B-2979-4971-973A-86E4059F9EBE}
	EndGlobalSection
EndGlobal
