
Microsoft Visual Studio Solution File, Format Version 12.00
# Visual Studio 15
VisualStudioVersion = 15.0.28307.489
MinimumVisualStudioVersion = 10.0.40219.1
Project("{FAE04EC0-301F-11D3-BF4B-00C04F79EFBC}") = "Ej_07 Dias Vividos", "Ej_07 Dias Vividos\Ej_07 Dias Vividos.csproj", "{60579A1E-9BB6-46A1-837E-AD9A35E9D41C}"
EndProject
Global
	GlobalSection(SolutionConfigurationPlatforms) = preSolution
		Debug|Any CPU = Debug|Any CPU
		Release|Any CPU = Release|Any CPU
	EndGlobalSection
	GlobalSection(ProjectConfigurationPlatforms) = postSolution
		{60579A1E-9BB6-46A1-837E-AD9A35E9D41C}.Debug|Any CPU.ActiveCfg = Debug|Any CPU
		{60579A1E-9BB6-46A1-837E-AD9A35E9D41C}.Debug|Any CPU.Build.0 = Debug|Any CPU
		{60579A1E-9BB6-46A1-837E-AD9A35E9D41C}.Release|Any CPU.ActiveCfg = Release|Any CPU
		{60579A1E-9BB6-46A1-837E-AD9A35E9D41C}.Release|Any CPU.Build.0 = Release|Any CPU
	EndGlobalSection
	GlobalSection(SolutionProperties) = preSolution
		HideSolutionNode = FALSE
	EndGlobalSection
	GlobalSection(ExtensibilityGlobals) = postSolution
		SolutionGuid = {784D2DCC-D700-45D5-A31C-C206E4D6D065}
	EndGlobalSection
EndGlobal
