
Microsoft Visual Studio Solution File, Format Version 12.00
# Visual Studio 15
VisualStudioVersion = 15.0.28307.489
MinimumVisualStudioVersion = 10.0.40219.1
Project("{FAE04EC0-301F-11D3-BF4B-00C04F79EFBC}") = "Ej_06  Año Bisiesto", "Ej_06  Año Bisiesto\Ej_06  Año Bisiesto.csproj", "{2BFDE80D-2BB0-4A64-B8B9-058FCA02CDB3}"
EndProject
Global
	GlobalSection(SolutionConfigurationPlatforms) = preSolution
		Debug|Any CPU = Debug|Any CPU
		Release|Any CPU = Release|Any CPU
	EndGlobalSection
	GlobalSection(ProjectConfigurationPlatforms) = postSolution
		{2BFDE80D-2BB0-4A64-B8B9-058FCA02CDB3}.Debug|Any CPU.ActiveCfg = Debug|Any CPU
		{2BFDE80D-2BB0-4A64-B8B9-058FCA02CDB3}.Debug|Any CPU.Build.0 = Debug|Any CPU
		{2BFDE80D-2BB0-4A64-B8B9-058FCA02CDB3}.Release|Any CPU.ActiveCfg = Release|Any CPU
		{2BFDE80D-2BB0-4A64-B8B9-058FCA02CDB3}.Release|Any CPU.Build.0 = Release|Any CPU
	EndGlobalSection
	GlobalSection(SolutionProperties) = preSolution
		HideSolutionNode = FALSE
	EndGlobalSection
	GlobalSection(ExtensibilityGlobals) = postSolution
		SolutionGuid = {2C28F916-CC9B-4230-A5D0-F826530C8733}
	EndGlobalSection
EndGlobal
